{
    "_readme": [
        "This file locks the dependencies of your project to a known state",
        "Read more about it at https://getcomposer.org/doc/01-basic-usage.md#installing-dependencies",
        "This file is @generated automatically"
    ],
    "content-hash": "63e7f1fe1c1c5e7414a845f1b7dbab8f",
    "packages": [
        {
            "name": "payrexx/payrexx",
            "version": "v2.0.15",
            "source": {
                "type": "git",
                "url": "https://github.com/payrexx/payrexx-php",
                "reference": "33c898223c7dc87d623c43b741d708bd23d87b6e"
            },
            "dist": {
                "type": "zip",
                "url": "https://api.github.com/repos/payrexx/payrexx-php/zipball/33c898223c7dc87d623c43b741d708bd23d87b6e",
                "reference": "33c898223c7dc87d623c43b741d708bd23d87b6e",
                "shasum": ""
            },
            "require": {
                "ext-curl": "*",
                "php": "^8.0"
            },
            "require-dev": {
                "guzzlehttp/guzzle": "^7.0",
                "pestphp/pest": "^3.8",
                "phpstan/phpstan": "^2.1"
            },
            "type": "library",
            "autoload": {
                "psr-0": {
                    "Payrexx": "lib/"
                }
            },
            "notification-url": "https://packagist.org/downloads/",
            "license": [
                "MIT"
            ],
            "authors": [
                {
                    "name": "Payrexx AG",
                    "homepage": "https://www.payrexx.com"
                }
            ],
            "description": "Payrexx PHPLib",
            "homepage": "https://www.payrexx.com",
            "keywords": [
                "gateway",
                "payment"
            ],
            "time": "2026-08-03T08:04:45+00:00"
        }
    ],
    "packages-dev": [],
    "aliases": [],
    "minimum-stability": "stable",
    "stability-flags": [],
    "prefer-stable": false,
    "prefer-lowest": false,
    "platform": {
        "php": "^8.0"
    },
    "platform-dev": [],
    "plugin-api-version": "2.6.0"
}
