{
    "_readme": [
        "This file locks the dependencies of your project to a known state",
        "Read more about it at https://getcomposer.org/doc/01-basic-usage.md#installing-dependencies",
        "This file is @generated automatically"
    ],
    "content-hash": "9586a5f6c5d8e2432f993747d05c6f0b",
    "packages": [
        {
            "name": "payrexx/payrexx",
            "version": "v2.0.0",
            "source": {
                "type": "git",
                "url": "https://github.com/payrexx/payrexx-php.git",
                "reference": "b176b906b99b4be1b8059a2a6ec96f40ecdda7f6"
            },
            "dist": {
                "type": "zip",
                "url": "https://api.github.com/repos/payrexx/payrexx-php/zipball/b176b906b99b4be1b8059a2a6ec96f40ecdda7f6",
                "reference": "b176b906b99b4be1b8059a2a6ec96f40ecdda7f6",
                "shasum": ""
            },
            "require": {
                "php": "^8.0"
            },
            "require-dev": {
                "guzzlehttp/guzzle": "^7.0",
                "pestphp/pest": "^3.8",
                "phpstan/phpstan": "^1.9"
            },
            "type": "library",
            "autoload": {
                "psr-0": {
                    "Payrexx": "lib/"
                }
            },
            "notification-url": "https://packagist.org/downloads/",
            "license": [
                "MIT"
            ],
            "authors": [
                {
                    "name": "Payrexx AG",
                    "homepage": "https://www.payrexx.com"
                }
            ],
            "description": "Payrexx PHPLib",
            "homepage": "https://www.payrexx.com",
            "keywords": [
                "gateway",
                "payment"
            ],
            "support": {
                "issues": "https://github.com/payrexx/payrexx-php/issues",
                "source": "https://github.com/payrexx/payrexx-php/tree/v2.0.0"
            },
            "time": "2025-07-02T08:48:39+00:00"
        }
    ],
    "packages-dev": [],
    "aliases": [],
    "minimum-stability": "stable",
    "stability-flags": {},
    "prefer-stable": false,
    "prefer-lowest": false,
    "platform": {
        "php": "^8.0"
    },
    "platform-dev": {},
    "plugin-api-version": "2.6.0"
}
